
Microsoft Visual Studio Solution File, Format Version 12.00
# Visual Studio Version 17
VisualStudioVersion = 17.5.33530.505
MinimumVisualStudioVersion = 10.0.40219.1
Project("{9A19103F-16F7-4668-BE54-9A1E7A4F7556}") = "SmallestSufficientTeam", "SmallestSufficientTeam\SmallestSufficientTeam.csproj", "{BCDBB849-EF03-4BC7-A6CE-79410B5497F3}"
EndProject
Project("{9A19103F-16F7-4668-BE54-9A1E7A4F7556}") = "SetMatrixZeroes", "SetMatrixZeroes\SetMatrixZeroes.csproj", "{D38A4EA6-737B-47FF-9EFB-BDC512E0CCD0}"
EndProject
Project("{9A19103F-16F7-4668-BE54-9A1E7A4F7556}") = "BenchmarkTest", "BenchmarkTest\BenchmarkTest.csproj", "{5603BBC2-ACB0-445F-AF60-6A873034ACE2}"
EndProject
Project("{9A19103F-16F7-4668-BE54-9A1E7A4F7556}") = "TwoSum", "TwoSum\TwoSum.csproj", "{EC1AD4FD-78A0-416E-9BE6-46B319564457}"
EndProject
Project("{9A19103F-16F7-4668-BE54-9A1E7A4F7556}") = "MergekSortedLists", "MergekSortedLists\MergekSortedLists.csproj", "{DF69335B-0AE2-40EC-8CB5-39F916D38A85}"
EndProject
Project("{9A19103F-16F7-4668-BE54-9A1E7A4F7556}") = "ContainerWithMostWater", "ContainerWithMostWater\ContainerWithMostWater.csproj", "{304C7BFF-A12A-4B30-9CEA-C3794E6D997B}"
EndProject
Project("{9A19103F-16F7-4668-BE54-9A1E7A4F7556}") = "ReverseInteger", "ReverseInteger\ReverseInteger.csproj", "{1AC3034F-E1D6-412A-A773-8A7A96C71CD1}"
EndProject
Project("{9A19103F-16F7-4668-BE54-9A1E7A4F7556}") = "ZigzagConversion", "ZigzagConversion\ZigzagConversion.csproj", "{AB4818FC-1B3E-41D8-96CF-664B774788F9}"
EndProject
Project("{9A19103F-16F7-4668-BE54-9A1E7A4F7556}") = "ZigzagConversion_2", "ZigzagConversion_2\ZigzagConversion_2.csproj", "{BFE09303-4FC3-4890-9080-E64FA9B1CBDE}"
EndProject
Project("{9A19103F-16F7-4668-BE54-9A1E7A4F7556}") = "ValidSudoku", "ValidSudoku\ValidSudoku.csproj", "{C4252835-4D22-4CAD-8C68-2D761BE107EB}"
EndProject
Project("{9A19103F-16F7-4668-BE54-9A1E7A4F7556}") = "RemoveNthNodeFromEndOfList", "RemoveNthNodeFromEndOfList\RemoveNthNodeFromEndOfList.csproj", "{579C69DE-64B8-43CE-9110-6A28F791EB14}"
EndProject
Project("{9A19103F-16F7-4668-BE54-9A1E7A4F7556}") = "FindFirstAndLastPositionOfElementInSortedArray", "FindFirstAndLastPositionOfElementInSortedArray\FindFirstAndLastPositionOfElementInSortedArray.csproj", "{30860301-BBBD-4A35-9198-424D0ADF62F6}"
EndProject
Project("{9A19103F-16F7-4668-BE54-9A1E7A4F7556}") = "JoinResultsFromTwoRequests", "JoinResultsFromTwoRequests\JoinResultsFromTwoRequests.csproj", "{AFDE9B4A-1231-4C77-B157-A957F1F70A43}"
EndProject
Project("{9A19103F-16F7-4668-BE54-9A1E7A4F7556}") = "DeepCloneMethods", "DeepCloneMethods\DeepCloneMethods.csproj", "{723B46FC-B983-499F-B331-4EC115B1D5D9}"
EndProject
Project("{9A19103F-16F7-4668-BE54-9A1E7A4F7556}") = "MineralSearchingProgram", "MineralSearchingProgram\MineralSearchingProgram.csproj", "{4465C35E-0602-431E-8005-03197A137C8A}"
EndProject
Project("{9A19103F-16F7-4668-BE54-9A1E7A4F7556}") = "CheapestFlightsWithinKStops", "CheapestFlightsWithinKStops\CheapestFlightsWithinKStops.csproj", "{BBB869E9-1435-46CF-8D4D-644ACAFB4C04}"
EndProject
Project("{9A19103F-16F7-4668-BE54-9A1E7A4F7556}") = "GroupAnagrams", "GroupAnagrams\GroupAnagrams.csproj", "{B009C9F4-5CAE-4516-A6FD-C41CA629705F}"
EndProject
Project("{9A19103F-16F7-4668-BE54-9A1E7A4F7556}") = "BinaryThreeNodeSum", "BinaryThreeNodeSum\BinaryThreeNodeSum.csproj", "{1603577C-E4D9-4D80-BE3B-67423BB233A2}"
EndProject
Project("{54A90642-561A-4BB1-A94E-469ADEE60C69}") = "AverageWaitingTime", "AverageWaitingTime\AverageWaitingTime.esproj", "{700B1A33-7B66-41D3-A86C-9DB4569E66F0}"
EndProject
Project("{9A19103F-16F7-4668-BE54-9A1E7A4F7556}") = "ReverseSubstringsBetweenEachPairOfParentheses", "ReverseSubstringsBetweenEachPairOfParentheses\ReverseSubstringsBetweenEachPairOfParentheses.csproj", "{75D1E829-440E-46D8-B50D-146EE1DAB6F2}"
EndProject
Project("{9A19103F-16F7-4668-BE54-9A1E7A4F7556}") = "Greatest_Common_Divisor_of_Strings", "Greatest_Common_Divisor_of_Strings\Greatest_Common_Divisor_of_Strings.csproj", "{E475B448-2863-49E3-A122-D06EDF4397D0}"
EndProject
Project("{9A19103F-16F7-4668-BE54-9A1E7A4F7556}") = "Median_Of_Two_Sorted_Arrays", "Median_Of_Two_Sorted_Arrays\Median_Of_Two_Sorted_Arrays.csproj", "{D71573C4-B552-4D6A-B753-009790730DC7}"
EndProject
Project("{9A19103F-16F7-4668-BE54-9A1E7A4F7556}") = "SmallestSufficientTeam_Hard", "SmallestSufficientTeam_Hard\SmallestSufficientTeam_Hard.csproj", "{3AFC1EF5-5E8D-437E-A4E7-FC9738C54379}"
EndProject
Project("{9A19103F-16F7-4668-BE54-9A1E7A4F7556}") = "FindHourseStepsAmount", "FindHorceStepsAmount\FindHourseStepsAmount.csproj", "{B0903663-5090-437E-97B1-31BEA33C5C5A}"
EndProject
Project("{FAE04EC0-301F-11D3-BF4B-00C04F79EFBC}") = "CombinationSum_2", "CombinationSum_2\CombinationSum_2.csproj", "{380026C1-5472-4C57-AEBA-B74F22A070B7}"
EndProject
Project("{FAE04EC0-301F-11D3-BF4B-00C04F79EFBC}") = "SearchInsertPosition", "SearchInsertPosition\SearchInsertPosition.csproj", "{668673B1-5251-4E29-89D2-94AF44C1B6CF}"
EndProject
Project("{FAE04EC0-301F-11D3-BF4B-00C04F79EFBC}") = "Permutations", "Permutations\Permutations.csproj", "{9BA31BED-8466-41A2-A610-B5830AFECBF5}"
EndProject
Project("{FAE04EC0-301F-11D3-BF4B-00C04F79EFBC}") = "Permutations_2", "Permutations_2\Permutations_2.csproj", "{07BA3331-14A7-4667-8129-DCA048C4629B}"
EndProject
Global
	GlobalSection(SolutionConfigurationPlatforms) = preSolution
		Debug|Any CPU = Debug|Any CPU
		Release|Any CPU = Release|Any CPU
	EndGlobalSection
	GlobalSection(ProjectConfigurationPlatforms) = postSolution
		{BCDBB849-EF03-4BC7-A6CE-79410B5497F3}.Debug|Any CPU.ActiveCfg = Debug|Any CPU
		{BCDBB849-EF03-4BC7-A6CE-79410B5497F3}.Debug|Any CPU.Build.0 = Debug|Any CPU
		{BCDBB849-EF03-4BC7-A6CE-79410B5497F3}.Release|Any CPU.ActiveCfg = Release|Any CPU
		{BCDBB849-EF03-4BC7-A6CE-79410B5497F3}.Release|Any CPU.Build.0 = Release|Any CPU
		{D38A4EA6-737B-47FF-9EFB-BDC512E0CCD0}.Debug|Any CPU.ActiveCfg = Debug|Any CPU
		{D38A4EA6-737B-47FF-9EFB-BDC512E0CCD0}.Debug|Any CPU.Build.0 = Debug|Any CPU
		{D38A4EA6-737B-47FF-9EFB-BDC512E0CCD0}.Release|Any CPU.ActiveCfg = Release|Any CPU
		{D38A4EA6-737B-47FF-9EFB-BDC512E0CCD0}.Release|Any CPU.Build.0 = Release|Any CPU
		{5603BBC2-ACB0-445F-AF60-6A873034ACE2}.Debug|Any CPU.ActiveCfg = Debug|Any CPU
		{5603BBC2-ACB0-445F-AF60-6A873034ACE2}.Debug|Any CPU.Build.0 = Debug|Any CPU
		{5603BBC2-ACB0-445F-AF60-6A873034ACE2}.Release|Any CPU.ActiveCfg = Release|Any CPU
		{5603BBC2-ACB0-445F-AF60-6A873034ACE2}.Release|Any CPU.Build.0 = Release|Any CPU
		{EC1AD4FD-78A0-416E-9BE6-46B319564457}.Debug|Any CPU.ActiveCfg = Debug|Any CPU
		{EC1AD4FD-78A0-416E-9BE6-46B319564457}.Debug|Any CPU.Build.0 = Debug|Any CPU
		{EC1AD4FD-78A0-416E-9BE6-46B319564457}.Release|Any CPU.ActiveCfg = Release|Any CPU
		{EC1AD4FD-78A0-416E-9BE6-46B319564457}.Release|Any CPU.Build.0 = Release|Any CPU
		{DF69335B-0AE2-40EC-8CB5-39F916D38A85}.Debug|Any CPU.ActiveCfg = Debug|Any CPU
		{DF69335B-0AE2-40EC-8CB5-39F916D38A85}.Debug|Any CPU.Build.0 = Debug|Any CPU
		{DF69335B-0AE2-40EC-8CB5-39F916D38A85}.Release|Any CPU.ActiveCfg = Release|Any CPU
		{DF69335B-0AE2-40EC-8CB5-39F916D38A85}.Release|Any CPU.Build.0 = Release|Any CPU
		{304C7BFF-A12A-4B30-9CEA-C3794E6D997B}.Debug|Any CPU.ActiveCfg = Debug|Any CPU
		{304C7BFF-A12A-4B30-9CEA-C3794E6D997B}.Debug|Any CPU.Build.0 = Debug|Any CPU
		{304C7BFF-A12A-4B30-9CEA-C3794E6D997B}.Release|Any CPU.ActiveCfg = Release|Any CPU
		{304C7BFF-A12A-4B30-9CEA-C3794E6D997B}.Release|Any CPU.Build.0 = Release|Any CPU
		{1AC3034F-E1D6-412A-A773-8A7A96C71CD1}.Debug|Any CPU.ActiveCfg = Debug|Any CPU
		{1AC3034F-E1D6-412A-A773-8A7A96C71CD1}.Debug|Any CPU.Build.0 = Debug|Any CPU
		{1AC3034F-E1D6-412A-A773-8A7A96C71CD1}.Release|Any CPU.ActiveCfg = Release|Any CPU
		{1AC3034F-E1D6-412A-A773-8A7A96C71CD1}.Release|Any CPU.Build.0 = Release|Any CPU
		{AB4818FC-1B3E-41D8-96CF-664B774788F9}.Debug|Any CPU.ActiveCfg = Debug|Any CPU
		{AB4818FC-1B3E-41D8-96CF-664B774788F9}.Debug|Any CPU.Build.0 = Debug|Any CPU
		{AB4818FC-1B3E-41D8-96CF-664B774788F9}.Release|Any CPU.ActiveCfg = Release|Any CPU
		{AB4818FC-1B3E-41D8-96CF-664B774788F9}.Release|Any CPU.Build.0 = Release|Any CPU
		{BFE09303-4FC3-4890-9080-E64FA9B1CBDE}.Debug|Any CPU.ActiveCfg = Debug|Any CPU
		{BFE09303-4FC3-4890-9080-E64FA9B1CBDE}.Debug|Any CPU.Build.0 = Debug|Any CPU
		{BFE09303-4FC3-4890-9080-E64FA9B1CBDE}.Release|Any CPU.ActiveCfg = Release|Any CPU
		{BFE09303-4FC3-4890-9080-E64FA9B1CBDE}.Release|Any CPU.Build.0 = Release|Any CPU
		{C4252835-4D22-4CAD-8C68-2D761BE107EB}.Debug|Any CPU.ActiveCfg = Debug|Any CPU
		{C4252835-4D22-4CAD-8C68-2D761BE107EB}.Debug|Any CPU.Build.0 = Debug|Any CPU
		{C4252835-4D22-4CAD-8C68-2D761BE107EB}.Release|Any CPU.ActiveCfg = Release|Any CPU
		{C4252835-4D22-4CAD-8C68-2D761BE107EB}.Release|Any CPU.Build.0 = Release|Any CPU
		{579C69DE-64B8-43CE-9110-6A28F791EB14}.Debug|Any CPU.ActiveCfg = Debug|Any CPU
		{579C69DE-64B8-43CE-9110-6A28F791EB14}.Debug|Any CPU.Build.0 = Debug|Any CPU
		{579C69DE-64B8-43CE-9110-6A28F791EB14}.Release|Any CPU.ActiveCfg = Release|Any CPU
		{579C69DE-64B8-43CE-9110-6A28F791EB14}.Release|Any CPU.Build.0 = Release|Any CPU
		{30860301-BBBD-4A35-9198-424D0ADF62F6}.Debug|Any CPU.ActiveCfg = Debug|Any CPU
		{30860301-BBBD-4A35-9198-424D0ADF62F6}.Debug|Any CPU.Build.0 = Debug|Any CPU
		{30860301-BBBD-4A35-9198-424D0ADF62F6}.Release|Any CPU.ActiveCfg = Release|Any CPU
		{30860301-BBBD-4A35-9198-424D0ADF62F6}.Release|Any CPU.Build.0 = Release|Any CPU
		{AFDE9B4A-1231-4C77-B157-A957F1F70A43}.Debug|Any CPU.ActiveCfg = Debug|Any CPU
		{AFDE9B4A-1231-4C77-B157-A957F1F70A43}.Debug|Any CPU.Build.0 = Debug|Any CPU
		{AFDE9B4A-1231-4C77-B157-A957F1F70A43}.Release|Any CPU.ActiveCfg = Release|Any CPU
		{AFDE9B4A-1231-4C77-B157-A957F1F70A43}.Release|Any CPU.Build.0 = Release|Any CPU
		{723B46FC-B983-499F-B331-4EC115B1D5D9}.Debug|Any CPU.ActiveCfg = Debug|Any CPU
		{723B46FC-B983-499F-B331-4EC115B1D5D9}.Debug|Any CPU.Build.0 = Debug|Any CPU
		{723B46FC-B983-499F-B331-4EC115B1D5D9}.Release|Any CPU.ActiveCfg = Release|Any CPU
		{723B46FC-B983-499F-B331-4EC115B1D5D9}.Release|Any CPU.Build.0 = Release|Any CPU
		{4465C35E-0602-431E-8005-03197A137C8A}.Debug|Any CPU.ActiveCfg = Debug|Any CPU
		{4465C35E-0602-431E-8005-03197A137C8A}.Debug|Any CPU.Build.0 = Debug|Any CPU
		{4465C35E-0602-431E-8005-03197A137C8A}.Release|Any CPU.ActiveCfg = Release|Any CPU
		{4465C35E-0602-431E-8005-03197A137C8A}.Release|Any CPU.Build.0 = Release|Any CPU
		{BBB869E9-1435-46CF-8D4D-644ACAFB4C04}.Debug|Any CPU.ActiveCfg = Debug|Any CPU
		{BBB869E9-1435-46CF-8D4D-644ACAFB4C04}.Debug|Any CPU.Build.0 = Debug|Any CPU
		{BBB869E9-1435-46CF-8D4D-644ACAFB4C04}.Release|Any CPU.ActiveCfg = Release|Any CPU
		{BBB869E9-1435-46CF-8D4D-644ACAFB4C04}.Release|Any CPU.Build.0 = Release|Any CPU
		{B009C9F4-5CAE-4516-A6FD-C41CA629705F}.Debug|Any CPU.ActiveCfg = Debug|Any CPU
		{B009C9F4-5CAE-4516-A6FD-C41CA629705F}.Debug|Any CPU.Build.0 = Debug|Any CPU
		{B009C9F4-5CAE-4516-A6FD-C41CA629705F}.Release|Any CPU.ActiveCfg = Release|Any CPU
		{B009C9F4-5CAE-4516-A6FD-C41CA629705F}.Release|Any CPU.Build.0 = Release|Any CPU
		{1603577C-E4D9-4D80-BE3B-67423BB233A2}.Debug|Any CPU.ActiveCfg = Debug|Any CPU
		{1603577C-E4D9-4D80-BE3B-67423BB233A2}.Debug|Any CPU.Build.0 = Debug|Any CPU
		{1603577C-E4D9-4D80-BE3B-67423BB233A2}.Release|Any CPU.ActiveCfg = Release|Any CPU
		{1603577C-E4D9-4D80-BE3B-67423BB233A2}.Release|Any CPU.Build.0 = Release|Any CPU
		{700B1A33-7B66-41D3-A86C-9DB4569E66F0}.Debug|Any CPU.ActiveCfg = Debug|Any CPU
		{700B1A33-7B66-41D3-A86C-9DB4569E66F0}.Debug|Any CPU.Build.0 = Debug|Any CPU
		{700B1A33-7B66-41D3-A86C-9DB4569E66F0}.Debug|Any CPU.Deploy.0 = Debug|Any CPU
		{700B1A33-7B66-41D3-A86C-9DB4569E66F0}.Release|Any CPU.ActiveCfg = Release|Any CPU
		{700B1A33-7B66-41D3-A86C-9DB4569E66F0}.Release|Any CPU.Build.0 = Release|Any CPU
		{700B1A33-7B66-41D3-A86C-9DB4569E66F0}.Release|Any CPU.Deploy.0 = Release|Any CPU
		{75D1E829-440E-46D8-B50D-146EE1DAB6F2}.Debug|Any CPU.ActiveCfg = Debug|Any CPU
		{75D1E829-440E-46D8-B50D-146EE1DAB6F2}.Debug|Any CPU.Build.0 = Debug|Any CPU
		{75D1E829-440E-46D8-B50D-146EE1DAB6F2}.Release|Any CPU.ActiveCfg = Release|Any CPU
		{75D1E829-440E-46D8-B50D-146EE1DAB6F2}.Release|Any CPU.Build.0 = Release|Any CPU
		{E475B448-2863-49E3-A122-D06EDF4397D0}.Debug|Any CPU.ActiveCfg = Debug|Any CPU
		{E475B448-2863-49E3-A122-D06EDF4397D0}.Debug|Any CPU.Build.0 = Debug|Any CPU
		{E475B448-2863-49E3-A122-D06EDF4397D0}.Release|Any CPU.ActiveCfg = Release|Any CPU
		{E475B448-2863-49E3-A122-D06EDF4397D0}.Release|Any CPU.Build.0 = Release|Any CPU
		{D71573C4-B552-4D6A-B753-009790730DC7}.Debug|Any CPU.ActiveCfg = Debug|Any CPU
		{D71573C4-B552-4D6A-B753-009790730DC7}.Debug|Any CPU.Build.0 = Debug|Any CPU
		{D71573C4-B552-4D6A-B753-009790730DC7}.Release|Any CPU.ActiveCfg = Release|Any CPU
		{D71573C4-B552-4D6A-B753-009790730DC7}.Release|Any CPU.Build.0 = Release|Any CPU
		{3AFC1EF5-5E8D-437E-A4E7-FC9738C54379}.Debug|Any CPU.ActiveCfg = Debug|Any CPU
		{3AFC1EF5-5E8D-437E-A4E7-FC9738C54379}.Debug|Any CPU.Build.0 = Debug|Any CPU
		{3AFC1EF5-5E8D-437E-A4E7-FC9738C54379}.Release|Any CPU.ActiveCfg = Release|Any CPU
		{3AFC1EF5-5E8D-437E-A4E7-FC9738C54379}.Release|Any CPU.Build.0 = Release|Any CPU
		{B0903663-5090-437E-97B1-31BEA33C5C5A}.Debug|Any CPU.ActiveCfg = Debug|Any CPU
		{B0903663-5090-437E-97B1-31BEA33C5C5A}.Debug|Any CPU.Build.0 = Debug|Any CPU
		{B0903663-5090-437E-97B1-31BEA33C5C5A}.Release|Any CPU.ActiveCfg = Release|Any CPU
		{B0903663-5090-437E-97B1-31BEA33C5C5A}.Release|Any CPU.Build.0 = Release|Any CPU
		{380026C1-5472-4C57-AEBA-B74F22A070B7}.Debug|Any CPU.ActiveCfg = Debug|Any CPU
		{380026C1-5472-4C57-AEBA-B74F22A070B7}.Debug|Any CPU.Build.0 = Debug|Any CPU
		{380026C1-5472-4C57-AEBA-B74F22A070B7}.Release|Any CPU.ActiveCfg = Release|Any CPU
		{380026C1-5472-4C57-AEBA-B74F22A070B7}.Release|Any CPU.Build.0 = Release|Any CPU
		{668673B1-5251-4E29-89D2-94AF44C1B6CF}.Debug|Any CPU.ActiveCfg = Debug|Any CPU
		{668673B1-5251-4E29-89D2-94AF44C1B6CF}.Debug|Any CPU.Build.0 = Debug|Any CPU
		{668673B1-5251-4E29-89D2-94AF44C1B6CF}.Release|Any CPU.ActiveCfg = Release|Any CPU
		{668673B1-5251-4E29-89D2-94AF44C1B6CF}.Release|Any CPU.Build.0 = Release|Any CPU
		{9BA31BED-8466-41A2-A610-B5830AFECBF5}.Debug|Any CPU.ActiveCfg = Debug|Any CPU
		{9BA31BED-8466-41A2-A610-B5830AFECBF5}.Debug|Any CPU.Build.0 = Debug|Any CPU
		{9BA31BED-8466-41A2-A610-B5830AFECBF5}.Release|Any CPU.ActiveCfg = Release|Any CPU
		{9BA31BED-8466-41A2-A610-B5830AFECBF5}.Release|Any CPU.Build.0 = Release|Any CPU
		{07BA3331-14A7-4667-8129-DCA048C4629B}.Debug|Any CPU.ActiveCfg = Debug|Any CPU
		{07BA3331-14A7-4667-8129-DCA048C4629B}.Debug|Any CPU.Build.0 = Debug|Any CPU
		{07BA3331-14A7-4667-8129-DCA048C4629B}.Release|Any CPU.ActiveCfg = Release|Any CPU
		{07BA3331-14A7-4667-8129-DCA048C4629B}.Release|Any CPU.Build.0 = Release|Any CPU
	EndGlobalSection
	GlobalSection(SolutionProperties) = preSolution
		HideSolutionNode = FALSE
	EndGlobalSection
	GlobalSection(ExtensibilityGlobals) = postSolution
		SolutionGuid = {0868A385-53A3-4F01-9118-D54A946A95F6}
	EndGlobalSection
EndGlobal
